
Microsoft Visual Studio Solution File, Format Version 12.00
# Visual Studio 14
VisualStudioVersion = 14.0.24720.0
MinimumVisualStudioVersion = 10.0.40219.1
Project("{8BC9CEB8-8B4A-11D0-8D11-00A0C91BC942}") = "CWebBrowser", "extern\projects\CWebBrowser\CWebBrowser.vcxproj", "{10F61C5C-6DBC-46DB-BFC8-0103DF5120B9}"
EndProject
Project("{8BC9CEB8-8B4A-11D0-8D11-00A0C91BC942}") = "EffectLib", "extern\projects\EffectLib\EffectLib.vcxproj", "{18CC8036-0502-4BC9-85C0-825819C1C98D}"
EndProject
Project("{8BC9CEB8-8B4A-11D0-8D11-00A0C91BC942}") = "EterBase", "extern\projects\EterBase\EterBase.vcxproj", "{919F835B-548D-4D13-B8D4-14563AB7660A}"
EndProject
Project("{8BC9CEB8-8B4A-11D0-8D11-00A0C91BC942}") = "EterGrnLib", "extern\projects\EterGrnLib\EterGrnLib.vcxproj", "{B8663968-E1C0-4F61-AF65-C0682A5E145E}"
EndProject
Project("{8BC9CEB8-8B4A-11D0-8D11-00A0C91BC942}") = "EterImageLib", "extern\projects\EterImageLib\EterImageLib.vcxproj", "{329D612E-A8FD-4D15-B14B-D5EF2950FCE5}"
EndProject
Project("{8BC9CEB8-8B4A-11D0-8D11-00A0C91BC942}") = "EterLib", "extern\projects\EterLib\EterLib.vcxproj", "{5C456250-B6FF-4A8B-B435-1452AC2C9428}"
EndProject
Project("{8BC9CEB8-8B4A-11D0-8D11-00A0C91BC942}") = "EterLocale", "extern\projects\EterLocale\EterLocale.vcxproj", "{FB09C484-C805-479A-B90D-CDF5D50B0F7D}"
EndProject
Project("{8BC9CEB8-8B4A-11D0-8D11-00A0C91BC942}") = "EterPack", "extern\projects\EterPack\EterPack.vcxproj", "{C52B0F9A-04AC-43D5-92DC-80E1F2279F55}"
EndProject
Project("{8BC9CEB8-8B4A-11D0-8D11-00A0C91BC942}") = "EterPythonLib", "extern\projects\EterPythonLib\EterPythonLib.vcxproj", "{3756C0AB-1B8D-456A-8DF7-9F5FF814DE65}"
EndProject
Project("{8BC9CEB8-8B4A-11D0-8D11-00A0C91BC942}") = "GameLib", "extern\projects\GameLib\GameLib.vcxproj", "{F92D1F24-C0E1-47CA-B6FE-66B332DC833F}"
EndProject
Project("{8BC9CEB8-8B4A-11D0-8D11-00A0C91BC942}") = "MilesLib", "extern\projects\MilesLib\MilesLib.vcxproj", "{F4370BE8-3F63-485A-A11A-4EDA4881DC4B}"
EndProject
Project("{8BC9CEB8-8B4A-11D0-8D11-00A0C91BC942}") = "ScriptLib", "extern\projects\ScriptLib\ScriptLib.vcxproj", "{88508F4F-FA39-4904-BC9F-17F53A9AA3E7}"
EndProject
Project("{8BC9CEB8-8B4A-11D0-8D11-00A0C91BC942}") = "SpeedTreeLib", "extern\projects\SpeedTreeLib\SpeedTreeLib.vcxproj", "{CEBEC074-B986-4DBB-AF85-D6D280E2816B}"
EndProject
Project("{8BC9CEB8-8B4A-11D0-8D11-00A0C91BC942}") = "SphereLib", "extern\projects\SphereLib\SphereLib.vcxproj", "{AF7F5401-4324-4232-9F27-062C709F6E60}"
EndProject
Project("{8BC9CEB8-8B4A-11D0-8D11-00A0C91BC942}") = "TerrainLib", "extern\projects\TerrainLib\TerrainLib.vcxproj", "{06A3281B-124B-4100-88FC-64702D13EE57}"
EndProject
Project("{8BC9CEB8-8B4A-11D0-8D11-00A0C91BC942}") = "UserInterface", "extern\projects\UserInterface\UserInterface.vcxproj", "{FB0823A5-63C9-48CC-A769-FA4ACEA8AAF3}"
	ProjectSection(ProjectDependencies) = postProject
		{AF7F5401-4324-4232-9F27-062C709F6E60} = {AF7F5401-4324-4232-9F27-062C709F6E60}
		{06A3281B-124B-4100-88FC-64702D13EE57} = {06A3281B-124B-4100-88FC-64702D13EE57}
		{F92D1F24-C0E1-47CA-B6FE-66B332DC833F} = {F92D1F24-C0E1-47CA-B6FE-66B332DC833F}
		{329D612E-A8FD-4D15-B14B-D5EF2950FCE5} = {329D612E-A8FD-4D15-B14B-D5EF2950FCE5}
		{18CC8036-0502-4BC9-85C0-825819C1C98D} = {18CC8036-0502-4BC9-85C0-825819C1C98D}
		{88508F4F-FA39-4904-BC9F-17F53A9AA3E7} = {88508F4F-FA39-4904-BC9F-17F53A9AA3E7}
		{5C456250-B6FF-4A8B-B435-1452AC2C9428} = {5C456250-B6FF-4A8B-B435-1452AC2C9428}
		{919F835B-548D-4D13-B8D4-14563AB7660A} = {919F835B-548D-4D13-B8D4-14563AB7660A}
		{10F61C5C-6DBC-46DB-BFC8-0103DF5120B9} = {10F61C5C-6DBC-46DB-BFC8-0103DF5120B9}
		{B8663968-E1C0-4F61-AF65-C0682A5E145E} = {B8663968-E1C0-4F61-AF65-C0682A5E145E}
		{CEBEC074-B986-4DBB-AF85-D6D280E2816B} = {CEBEC074-B986-4DBB-AF85-D6D280E2816B}
		{FB09C484-C805-479A-B90D-CDF5D50B0F7D} = {FB09C484-C805-479A-B90D-CDF5D50B0F7D}
		{C52B0F9A-04AC-43D5-92DC-80E1F2279F55} = {C52B0F9A-04AC-43D5-92DC-80E1F2279F55}
		{3756C0AB-1B8D-456A-8DF7-9F5FF814DE65} = {3756C0AB-1B8D-456A-8DF7-9F5FF814DE65}
		{F4370BE8-3F63-485A-A11A-4EDA4881DC4B} = {F4370BE8-3F63-485A-A11A-4EDA4881DC4B}
	EndProjectSection
EndProject
Global
	GlobalSection(SolutionConfigurationPlatforms) = preSolution
		Debug|x86 = Debug|x86
		Release|x86 = Release|x86
	EndGlobalSection
	GlobalSection(ProjectConfigurationPlatforms) = postSolution
		{10F61C5C-6DBC-46DB-BFC8-0103DF5120B9}.Debug|x86.ActiveCfg = Debug|Win32
		{10F61C5C-6DBC-46DB-BFC8-0103DF5120B9}.Debug|x86.Build.0 = Debug|Win32
		{10F61C5C-6DBC-46DB-BFC8-0103DF5120B9}.Release|x86.ActiveCfg = Release|Win32
		{10F61C5C-6DBC-46DB-BFC8-0103DF5120B9}.Release|x86.Build.0 = Release|Win32
		{18CC8036-0502-4BC9-85C0-825819C1C98D}.Debug|x86.ActiveCfg = Debug|Win32
		{18CC8036-0502-4BC9-85C0-825819C1C98D}.Debug|x86.Build.0 = Debug|Win32
		{18CC8036-0502-4BC9-85C0-825819C1C98D}.Release|x86.ActiveCfg = Release|Win32
		{18CC8036-0502-4BC9-85C0-825819C1C98D}.Release|x86.Build.0 = Release|Win32
		{919F835B-548D-4D13-B8D4-14563AB7660A}.Debug|x86.ActiveCfg = Debug|Win32
		{919F835B-548D-4D13-B8D4-14563AB7660A}.Debug|x86.Build.0 = Debug|Win32
		{919F835B-548D-4D13-B8D4-14563AB7660A}.Release|x86.ActiveCfg = Release|Win32
		{919F835B-548D-4D13-B8D4-14563AB7660A}.Release|x86.Build.0 = Release|Win32
		{B8663968-E1C0-4F61-AF65-C0682A5E145E}.Debug|x86.ActiveCfg = Debug|Win32
		{B8663968-E1C0-4F61-AF65-C0682A5E145E}.Debug|x86.Build.0 = Debug|Win32
		{B8663968-E1C0-4F61-AF65-C0682A5E145E}.Release|x86.ActiveCfg = Release|Win32
		{B8663968-E1C0-4F61-AF65-C0682A5E145E}.Release|x86.Build.0 = Release|Win32
		{329D612E-A8FD-4D15-B14B-D5EF2950FCE5}.Debug|x86.ActiveCfg = Debug|Win32
		{329D612E-A8FD-4D15-B14B-D5EF2950FCE5}.Debug|x86.Build.0 = Debug|Win32
		{329D612E-A8FD-4D15-B14B-D5EF2950FCE5}.Release|x86.ActiveCfg = Release|Win32
		{329D612E-A8FD-4D15-B14B-D5EF2950FCE5}.Release|x86.Build.0 = Release|Win32
		{5C456250-B6FF-4A8B-B435-1452AC2C9428}.Debug|x86.ActiveCfg = Debug|Win32
		{5C456250-B6FF-4A8B-B435-1452AC2C9428}.Debug|x86.Build.0 = Debug|Win32
		{5C456250-B6FF-4A8B-B435-1452AC2C9428}.Release|x86.ActiveCfg = Release|Win32
		{5C456250-B6FF-4A8B-B435-1452AC2C9428}.Release|x86.Build.0 = Release|Win32
		{FB09C484-C805-479A-B90D-CDF5D50B0F7D}.Debug|x86.ActiveCfg = Debug|Win32
		{FB09C484-C805-479A-B90D-CDF5D50B0F7D}.Debug|x86.Build.0 = Debug|Win32
		{FB09C484-C805-479A-B90D-CDF5D50B0F7D}.Release|x86.ActiveCfg = Release|Win32
		{FB09C484-C805-479A-B90D-CDF5D50B0F7D}.Release|x86.Build.0 = Release|Win32
		{C52B0F9A-04AC-43D5-92DC-80E1F2279F55}.Debug|x86.ActiveCfg = Debug|Win32
		{C52B0F9A-04AC-43D5-92DC-80E1F2279F55}.Debug|x86.Build.0 = Debug|Win32
		{C52B0F9A-04AC-43D5-92DC-80E1F2279F55}.Release|x86.ActiveCfg = Release|Win32
		{C52B0F9A-04AC-43D5-92DC-80E1F2279F55}.Release|x86.Build.0 = Release|Win32
		{3756C0AB-1B8D-456A-8DF7-9F5FF814DE65}.Debug|x86.ActiveCfg = Debug|Win32
		{3756C0AB-1B8D-456A-8DF7-9F5FF814DE65}.Debug|x86.Build.0 = Debug|Win32
		{3756C0AB-1B8D-456A-8DF7-9F5FF814DE65}.Release|x86.ActiveCfg = Release|Win32
		{3756C0AB-1B8D-456A-8DF7-9F5FF814DE65}.Release|x86.Build.0 = Release|Win32
		{F92D1F24-C0E1-47CA-B6FE-66B332DC833F}.Debug|x86.ActiveCfg = Debug|Win32
		{F92D1F24-C0E1-47CA-B6FE-66B332DC833F}.Debug|x86.Build.0 = Debug|Win32
		{F92D1F24-C0E1-47CA-B6FE-66B332DC833F}.Release|x86.ActiveCfg = Release|Win32
		{F92D1F24-C0E1-47CA-B6FE-66B332DC833F}.Release|x86.Build.0 = Release|Win32
		{F4370BE8-3F63-485A-A11A-4EDA4881DC4B}.Debug|x86.ActiveCfg = Debug|Win32
		{F4370BE8-3F63-485A-A11A-4EDA4881DC4B}.Debug|x86.Build.0 = Debug|Win32
		{F4370BE8-3F63-485A-A11A-4EDA4881DC4B}.Release|x86.ActiveCfg = Release|Win32
		{F4370BE8-3F63-485A-A11A-4EDA4881DC4B}.Release|x86.Build.0 = Release|Win32
		{88508F4F-FA39-4904-BC9F-17F53A9AA3E7}.Debug|x86.ActiveCfg = Debug|Win32
		{88508F4F-FA39-4904-BC9F-17F53A9AA3E7}.Debug|x86.Build.0 = Debug|Win32
		{88508F4F-FA39-4904-BC9F-17F53A9AA3E7}.Release|x86.ActiveCfg = Release|Win32
		{88508F4F-FA39-4904-BC9F-17F53A9AA3E7}.Release|x86.Build.0 = Release|Win32
		{CEBEC074-B986-4DBB-AF85-D6D280E2816B}.Debug|x86.ActiveCfg = Debug|Win32
		{CEBEC074-B986-4DBB-AF85-D6D280E2816B}.Debug|x86.Build.0 = Debug|Win32
		{CEBEC074-B986-4DBB-AF85-D6D280E2816B}.Release|x86.ActiveCfg = Release|Win32
		{CEBEC074-B986-4DBB-AF85-D6D280E2816B}.Release|x86.Build.0 = Release|Win32
		{AF7F5401-4324-4232-9F27-062C709F6E60}.Debug|x86.ActiveCfg = Debug|Win32
		{AF7F5401-4324-4232-9F27-062C709F6E60}.Debug|x86.Build.0 = Debug|Win32
		{AF7F5401-4324-4232-9F27-062C709F6E60}.Release|x86.ActiveCfg = Release|Win32
		{AF7F5401-4324-4232-9F27-062C709F6E60}.Release|x86.Build.0 = Release|Win32
		{06A3281B-124B-4100-88FC-64702D13EE57}.Debug|x86.ActiveCfg = Debug|Win32
		{06A3281B-124B-4100-88FC-64702D13EE57}.Debug|x86.Build.0 = Debug|Win32
		{06A3281B-124B-4100-88FC-64702D13EE57}.Release|x86.ActiveCfg = Release|Win32
		{06A3281B-124B-4100-88FC-64702D13EE57}.Release|x86.Build.0 = Release|Win32
		{FB0823A5-63C9-48CC-A769-FA4ACEA8AAF3}.Debug|x86.ActiveCfg = Debug|Win32
		{FB0823A5-63C9-48CC-A769-FA4ACEA8AAF3}.Debug|x86.Build.0 = Debug|Win32
		{FB0823A5-63C9-48CC-A769-FA4ACEA8AAF3}.Release|x86.ActiveCfg = Release|Win32
		{FB0823A5-63C9-48CC-A769-FA4ACEA8AAF3}.Release|x86.Build.0 = Release|Win32
	EndGlobalSection
	GlobalSection(SolutionProperties) = preSolution
		HideSolutionNode = FALSE
	EndGlobalSection
EndGlobal
